
Microsoft Visual Studio Solution File, Format Version 12.00
# Visual Studio Version 17
VisualStudioVersion = 17.0.31512.422
MinimumVisualStudioVersion = 10.0.40219.1
Project("{2150E333-8FDC-42A3-9474-1A3956D46DE8}") = "Solution Items", "Solution Items", "{28A12248-4601-4BEB-B8BF-B6ABC933FCA0}"
	ProjectSection(SolutionItems) = preProject
		.editorconfig = .editorconfig
		Domain\Mtx.Common.Domain\Mtx.Common.Domain.csproj = Domain\Mtx.Common.Domain\Mtx.Common.Domain.csproj
	EndProjectSection
EndProject
Project("{2150E333-8FDC-42A3-9474-1A3956D46DE8}") = "Services", "Services", "{BAD0B3CD-7660-4CB0-8AD3-9D49D72C5337}"
EndProject
Project("{9A19103F-16F7-4668-BE54-9A1E7A4F7556}") = "Mtx.EFCoreServices", "Services\Mtx.EFCoreServices\Mtx.EFCoreServices.csproj", "{0221F318-4116-4ED0-AD5E-38486A8E3D87}"
EndProject
Project("{2150E333-8FDC-42A3-9474-1A3956D46DE8}") = "Hosting", "Hosting", "{19C8F1A5-BD3D-4A0F-983C-B14FEA3ADD63}"
EndProject
Project("{9A19103F-16F7-4668-BE54-9A1E7A4F7556}") = "Mtx.LearnItAll.Core.API.Serverless.Azure", "Hosting\Mtx.LearnItAll.Core.API.Serverless.Azure\Mtx.LearnItAll.Core.API.Serverless.Azure.csproj", "{436905F6-5CE6-4AA8-A3CE-5E7D38E83A33}"
EndProject
Project("{9A19103F-16F7-4668-BE54-9A1E7A4F7556}") = "Mtx.CosmosDbServices", "Services\Mtx.CosmosDbServices\Mtx.CosmosDbServices.csproj", "{EEF0C51C-09F8-42F1-AA85-FFC08F02C210}"
EndProject
Project("{2150E333-8FDC-42A3-9474-1A3956D46DE8}") = "Domain", "Domain", "{C096BF0B-4846-40F8-9C70-2601306723F6}"
EndProject
Project("{2150E333-8FDC-42A3-9474-1A3956D46DE8}") = "Core", "Core", "{71D108AE-715E-417B-9253-8A8F4C12D610}"
EndProject
Project("{9A19103F-16F7-4668-BE54-9A1E7A4F7556}") = "Mtx.LearnItAll.Core", "Domain\Core\Mtx.LearnItAll.Core\Mtx.LearnItAll.Core.csproj", "{247FEED6-4628-454D-9D76-06285D78A0CD}"
EndProject
Project("{9A19103F-16F7-4668-BE54-9A1E7A4F7556}") = "Mtx.LearnItAll.Core.Common", "Domain\Core\Mtx.LearnItAll.Core.Common\Mtx.LearnItAll.Core.Common.csproj", "{14B3DB83-19C4-4C1F-8FE1-1DBFE723E9CD}"
EndProject
Project("{9A19103F-16F7-4668-BE54-9A1E7A4F7556}") = "Mtx.LearnItAll.Core.Infrastructure", "Domain\Core\Mtx.LearnItAll.Core.Infrastructure\Mtx.LearnItAll.Core.Infrastructure.csproj", "{214E9812-8EB8-4B72-B8B9-E2A0AD3DCAA5}"
EndProject
Project("{9A19103F-16F7-4668-BE54-9A1E7A4F7556}") = "Mtx.LearnItAll.Core.Infrastructure.EFCore", "Domain\Core\Mtx.LearnItAll.Core.Infrastructure.EFCore\Mtx.LearnItAll.Core.Infrastructure.EFCore.csproj", "{F673AE24-E2BA-4726-911C-2DFE9B578589}"
EndProject
Project("{9A19103F-16F7-4668-BE54-9A1E7A4F7556}") = "Mtx.LearnItAll.Core.Resources", "Domain\Core\Mtx.LearnItAll.Core.Resources\Mtx.LearnItAll.Core.Resources.csproj", "{078178FC-E12A-44C2-BCE1-D22FE1D069FF}"
EndProject
Project("{9A19103F-16F7-4668-BE54-9A1E7A4F7556}") = "Mtx.LearnItAll.Core.Tests", "Domain\Core\Mtx.LearnItAll.Core.Tests\Mtx.LearnItAll.Core.Tests.csproj", "{7C115F28-9C86-4FE6-A977-7EBF768DBF8C}"
EndProject
Project("{9A19103F-16F7-4668-BE54-9A1E7A4F7556}") = "Mtx.Common.Domain", "Domain\Mtx.Common.Domain\Mtx.Common.Domain.csproj", "{93B04C09-5A15-4CD0-8614-D9C75A344193}"
EndProject
Global
	GlobalSection(SolutionConfigurationPlatforms) = preSolution
		Debug|Any CPU = Debug|Any CPU
		Release|Any CPU = Release|Any CPU
	EndGlobalSection
	GlobalSection(ProjectConfigurationPlatforms) = postSolution
		{0221F318-4116-4ED0-AD5E-38486A8E3D87}.Debug|Any CPU.ActiveCfg = Debug|Any CPU
		{0221F318-4116-4ED0-AD5E-38486A8E3D87}.Debug|Any CPU.Build.0 = Debug|Any CPU
		{0221F318-4116-4ED0-AD5E-38486A8E3D87}.Release|Any CPU.ActiveCfg = Release|Any CPU
		{0221F318-4116-4ED0-AD5E-38486A8E3D87}.Release|Any CPU.Build.0 = Release|Any CPU
		{436905F6-5CE6-4AA8-A3CE-5E7D38E83A33}.Debug|Any CPU.ActiveCfg = Debug|Any CPU
		{436905F6-5CE6-4AA8-A3CE-5E7D38E83A33}.Debug|Any CPU.Build.0 = Debug|Any CPU
		{436905F6-5CE6-4AA8-A3CE-5E7D38E83A33}.Release|Any CPU.ActiveCfg = Release|Any CPU
		{436905F6-5CE6-4AA8-A3CE-5E7D38E83A33}.Release|Any CPU.Build.0 = Release|Any CPU
		{EEF0C51C-09F8-42F1-AA85-FFC08F02C210}.Debug|Any CPU.ActiveCfg = Debug|Any CPU
		{EEF0C51C-09F8-42F1-AA85-FFC08F02C210}.Debug|Any CPU.Build.0 = Debug|Any CPU
		{EEF0C51C-09F8-42F1-AA85-FFC08F02C210}.Release|Any CPU.ActiveCfg = Release|Any CPU
		{EEF0C51C-09F8-42F1-AA85-FFC08F02C210}.Release|Any CPU.Build.0 = Release|Any CPU
		{247FEED6-4628-454D-9D76-06285D78A0CD}.Debug|Any CPU.ActiveCfg = Debug|Any CPU
		{247FEED6-4628-454D-9D76-06285D78A0CD}.Debug|Any CPU.Build.0 = Debug|Any CPU
		{247FEED6-4628-454D-9D76-06285D78A0CD}.Release|Any CPU.ActiveCfg = Release|Any CPU
		{247FEED6-4628-454D-9D76-06285D78A0CD}.Release|Any CPU.Build.0 = Release|Any CPU
		{14B3DB83-19C4-4C1F-8FE1-1DBFE723E9CD}.Debug|Any CPU.ActiveCfg = Debug|Any CPU
		{14B3DB83-19C4-4C1F-8FE1-1DBFE723E9CD}.Debug|Any CPU.Build.0 = Debug|Any CPU
		{14B3DB83-19C4-4C1F-8FE1-1DBFE723E9CD}.Release|Any CPU.ActiveCfg = Release|Any CPU
		{14B3DB83-19C4-4C1F-8FE1-1DBFE723E9CD}.Release|Any CPU.Build.0 = Release|Any CPU
		{214E9812-8EB8-4B72-B8B9-E2A0AD3DCAA5}.Debug|Any CPU.ActiveCfg = Debug|Any CPU
		{214E9812-8EB8-4B72-B8B9-E2A0AD3DCAA5}.Debug|Any CPU.Build.0 = Debug|Any CPU
		{214E9812-8EB8-4B72-B8B9-E2A0AD3DCAA5}.Release|Any CPU.ActiveCfg = Release|Any CPU
		{214E9812-8EB8-4B72-B8B9-E2A0AD3DCAA5}.Release|Any CPU.Build.0 = Release|Any CPU
		{F673AE24-E2BA-4726-911C-2DFE9B578589}.Debug|Any CPU.ActiveCfg = Debug|Any CPU
		{F673AE24-E2BA-4726-911C-2DFE9B578589}.Debug|Any CPU.Build.0 = Debug|Any CPU
		{F673AE24-E2BA-4726-911C-2DFE9B578589}.Release|Any CPU.ActiveCfg = Release|Any CPU
		{F673AE24-E2BA-4726-911C-2DFE9B578589}.Release|Any CPU.Build.0 = Release|Any CPU
		{078178FC-E12A-44C2-BCE1-D22FE1D069FF}.Debug|Any CPU.ActiveCfg = Debug|Any CPU
		{078178FC-E12A-44C2-BCE1-D22FE1D069FF}.Debug|Any CPU.Build.0 = Debug|Any CPU
		{078178FC-E12A-44C2-BCE1-D22FE1D069FF}.Release|Any CPU.ActiveCfg = Release|Any CPU
		{078178FC-E12A-44C2-BCE1-D22FE1D069FF}.Release|Any CPU.Build.0 = Release|Any CPU
		{7C115F28-9C86-4FE6-A977-7EBF768DBF8C}.Debug|Any CPU.ActiveCfg = Debug|Any CPU
		{7C115F28-9C86-4FE6-A977-7EBF768DBF8C}.Debug|Any CPU.Build.0 = Debug|Any CPU
		{7C115F28-9C86-4FE6-A977-7EBF768DBF8C}.Release|Any CPU.ActiveCfg = Release|Any CPU
		{7C115F28-9C86-4FE6-A977-7EBF768DBF8C}.Release|Any CPU.Build.0 = Release|Any CPU
		{93B04C09-5A15-4CD0-8614-D9C75A344193}.Debug|Any CPU.ActiveCfg = Debug|Any CPU
		{93B04C09-5A15-4CD0-8614-D9C75A344193}.Debug|Any CPU.Build.0 = Debug|Any CPU
		{93B04C09-5A15-4CD0-8614-D9C75A344193}.Release|Any CPU.ActiveCfg = Release|Any CPU
		{93B04C09-5A15-4CD0-8614-D9C75A344193}.Release|Any CPU.Build.0 = Release|Any CPU
	EndGlobalSection
	GlobalSection(SolutionProperties) = preSolution
		HideSolutionNode = FALSE
	EndGlobalSection
	GlobalSection(NestedProjects) = preSolution
		{0221F318-4116-4ED0-AD5E-38486A8E3D87} = {BAD0B3CD-7660-4CB0-8AD3-9D49D72C5337}
		{436905F6-5CE6-4AA8-A3CE-5E7D38E83A33} = {19C8F1A5-BD3D-4A0F-983C-B14FEA3ADD63}
		{EEF0C51C-09F8-42F1-AA85-FFC08F02C210} = {BAD0B3CD-7660-4CB0-8AD3-9D49D72C5337}
		{71D108AE-715E-417B-9253-8A8F4C12D610} = {C096BF0B-4846-40F8-9C70-2601306723F6}
		{247FEED6-4628-454D-9D76-06285D78A0CD} = {71D108AE-715E-417B-9253-8A8F4C12D610}
		{14B3DB83-19C4-4C1F-8FE1-1DBFE723E9CD} = {71D108AE-715E-417B-9253-8A8F4C12D610}
		{214E9812-8EB8-4B72-B8B9-E2A0AD3DCAA5} = {71D108AE-715E-417B-9253-8A8F4C12D610}
		{F673AE24-E2BA-4726-911C-2DFE9B578589} = {71D108AE-715E-417B-9253-8A8F4C12D610}
		{078178FC-E12A-44C2-BCE1-D22FE1D069FF} = {71D108AE-715E-417B-9253-8A8F4C12D610}
		{7C115F28-9C86-4FE6-A977-7EBF768DBF8C} = {71D108AE-715E-417B-9253-8A8F4C12D610}
		{93B04C09-5A15-4CD0-8614-D9C75A344193} = {C096BF0B-4846-40F8-9C70-2601306723F6}
	EndGlobalSection
	GlobalSection(ExtensibilityGlobals) = postSolution
		SolutionGuid = {6952993D-A228-4D09-9E35-503A5D3DC6A5}
	EndGlobalSection
EndGlobal
