
Microsoft Visual Studio Solution File, Format Version 12.00
# Visual Studio Version 16
VisualStudioVersion = 16.0.31213.239
MinimumVisualStudioVersion = 10.0.40219.1
Project("{2150E333-8FDC-42A3-9474-1A3956D46DE8}") = "Solution Items", "Solution Items", "{28A12248-4601-4BEB-B8BF-B6ABC933FCA0}"
	ProjectSection(SolutionItems) = preProject
		.editorconfig = .editorconfig
	EndProjectSection
EndProject
Project("{9A19103F-16F7-4668-BE54-9A1E7A4F7556}") = "Mtx.LearnItAll.Core", "Mtx.LearnItAll.Core\Mtx.LearnItAll.Core.csproj", "{E951D107-3D81-482A-84DE-B365C30B482E}"
EndProject
Project("{9A19103F-16F7-4668-BE54-9A1E7A4F7556}") = "Mtx.LearnItAll.Core.Tests", "Mtx.LearnItAll.Core.Tests\Mtx.LearnItAll.Core.Tests.csproj", "{568A3F6A-156D-4137-B765-A871206FC5FA}"
EndProject
Project("{9A19103F-16F7-4668-BE54-9A1E7A4F7556}") = "Mtx.LearnItAll.Core.Infrastructure", "Mtx.LearnItAll.Core.Infrastructure\Mtx.LearnItAll.Core.Infrastructure.csproj", "{58586703-4E2B-4A52-AB59-A283559DFB10}"
EndProject
Project("{9A19103F-16F7-4668-BE54-9A1E7A4F7556}") = "Mtx.LearnItAll.Core.Resources", "Mtx.LearnItAll.Core.Resources\Mtx.LearnItAll.Core.Resources.csproj", "{320B4AF4-B6A1-43A7-BD44-6BDADD610686}"
EndProject
Project("{9A19103F-16F7-4668-BE54-9A1E7A4F7556}") = "Mtx.Common.Domain", "Mtx.Common.Domain\Mtx.Common.Domain.csproj", "{11645855-0796-45DD-88D4-2A4756E444F9}"
EndProject
Project("{2150E333-8FDC-42A3-9474-1A3956D46DE8}") = "Services", "Services", "{BAD0B3CD-7660-4CB0-8AD3-9D49D72C5337}"
EndProject
Project("{9A19103F-16F7-4668-BE54-9A1E7A4F7556}") = "Mtx.EFCoreServices", "Services\Mtx.EFCoreServices\Mtx.EFCoreServices.csproj", "{0221F318-4116-4ED0-AD5E-38486A8E3D87}"
EndProject
Project("{9A19103F-16F7-4668-BE54-9A1E7A4F7556}") = "Mtx.LearnItAll.Core.Infrastructure.EFCore", "Mtx.LearnItAll.Core.Infrastructure.EFCore\Mtx.LearnItAll.Core.Infrastructure.EFCore.csproj", "{7FE72AAE-EA12-462C-9ABB-68D6C4EDDE72}"
EndProject
Project("{2150E333-8FDC-42A3-9474-1A3956D46DE8}") = "Hosting", "Hosting", "{19C8F1A5-BD3D-4A0F-983C-B14FEA3ADD63}"
EndProject
Project("{9A19103F-16F7-4668-BE54-9A1E7A4F7556}") = "Mtx.LearnItAll.Core.API.Serverless.Azure", "Hosting\Mtx.LearnItAll.Core.API.Serverless.Azure\Mtx.LearnItAll.Core.API.Serverless.Azure.csproj", "{436905F6-5CE6-4AA8-A3CE-5E7D38E83A33}"
EndProject
Project("{2150E333-8FDC-42A3-9474-1A3956D46DE8}") = "tests", "tests", "{D771A703-8FC6-4403-904F-ABDA6578B02A}"
EndProject
Global
	GlobalSection(SolutionConfigurationPlatforms) = preSolution
		Debug|Any CPU = Debug|Any CPU
		Release|Any CPU = Release|Any CPU
	EndGlobalSection
	GlobalSection(ProjectConfigurationPlatforms) = postSolution
		{E951D107-3D81-482A-84DE-B365C30B482E}.Debug|Any CPU.ActiveCfg = Debug|Any CPU
		{E951D107-3D81-482A-84DE-B365C30B482E}.Debug|Any CPU.Build.0 = Debug|Any CPU
		{E951D107-3D81-482A-84DE-B365C30B482E}.Release|Any CPU.ActiveCfg = Release|Any CPU
		{E951D107-3D81-482A-84DE-B365C30B482E}.Release|Any CPU.Build.0 = Release|Any CPU
		{568A3F6A-156D-4137-B765-A871206FC5FA}.Debug|Any CPU.ActiveCfg = Debug|Any CPU
		{568A3F6A-156D-4137-B765-A871206FC5FA}.Debug|Any CPU.Build.0 = Debug|Any CPU
		{568A3F6A-156D-4137-B765-A871206FC5FA}.Release|Any CPU.ActiveCfg = Release|Any CPU
		{568A3F6A-156D-4137-B765-A871206FC5FA}.Release|Any CPU.Build.0 = Release|Any CPU
		{58586703-4E2B-4A52-AB59-A283559DFB10}.Debug|Any CPU.ActiveCfg = Debug|Any CPU
		{58586703-4E2B-4A52-AB59-A283559DFB10}.Debug|Any CPU.Build.0 = Debug|Any CPU
		{58586703-4E2B-4A52-AB59-A283559DFB10}.Release|Any CPU.ActiveCfg = Release|Any CPU
		{58586703-4E2B-4A52-AB59-A283559DFB10}.Release|Any CPU.Build.0 = Release|Any CPU
		{320B4AF4-B6A1-43A7-BD44-6BDADD610686}.Debug|Any CPU.ActiveCfg = Debug|Any CPU
		{320B4AF4-B6A1-43A7-BD44-6BDADD610686}.Debug|Any CPU.Build.0 = Debug|Any CPU
		{320B4AF4-B6A1-43A7-BD44-6BDADD610686}.Release|Any CPU.ActiveCfg = Release|Any CPU
		{320B4AF4-B6A1-43A7-BD44-6BDADD610686}.Release|Any CPU.Build.0 = Release|Any CPU
		{11645855-0796-45DD-88D4-2A4756E444F9}.Debug|Any CPU.ActiveCfg = Debug|Any CPU
		{11645855-0796-45DD-88D4-2A4756E444F9}.Debug|Any CPU.Build.0 = Debug|Any CPU
		{11645855-0796-45DD-88D4-2A4756E444F9}.Release|Any CPU.ActiveCfg = Release|Any CPU
		{11645855-0796-45DD-88D4-2A4756E444F9}.Release|Any CPU.Build.0 = Release|Any CPU
		{0221F318-4116-4ED0-AD5E-38486A8E3D87}.Debug|Any CPU.ActiveCfg = Debug|Any CPU
		{0221F318-4116-4ED0-AD5E-38486A8E3D87}.Debug|Any CPU.Build.0 = Debug|Any CPU
		{0221F318-4116-4ED0-AD5E-38486A8E3D87}.Release|Any CPU.ActiveCfg = Release|Any CPU
		{0221F318-4116-4ED0-AD5E-38486A8E3D87}.Release|Any CPU.Build.0 = Release|Any CPU
		{7FE72AAE-EA12-462C-9ABB-68D6C4EDDE72}.Debug|Any CPU.ActiveCfg = Debug|Any CPU
		{7FE72AAE-EA12-462C-9ABB-68D6C4EDDE72}.Debug|Any CPU.Build.0 = Debug|Any CPU
		{7FE72AAE-EA12-462C-9ABB-68D6C4EDDE72}.Release|Any CPU.ActiveCfg = Release|Any CPU
		{7FE72AAE-EA12-462C-9ABB-68D6C4EDDE72}.Release|Any CPU.Build.0 = Release|Any CPU
		{436905F6-5CE6-4AA8-A3CE-5E7D38E83A33}.Debug|Any CPU.ActiveCfg = Debug|Any CPU
		{436905F6-5CE6-4AA8-A3CE-5E7D38E83A33}.Debug|Any CPU.Build.0 = Debug|Any CPU
		{436905F6-5CE6-4AA8-A3CE-5E7D38E83A33}.Release|Any CPU.ActiveCfg = Release|Any CPU
		{436905F6-5CE6-4AA8-A3CE-5E7D38E83A33}.Release|Any CPU.Build.0 = Release|Any CPU
	EndGlobalSection
	GlobalSection(SolutionProperties) = preSolution
		HideSolutionNode = FALSE
	EndGlobalSection
	GlobalSection(NestedProjects) = preSolution
		{568A3F6A-156D-4137-B765-A871206FC5FA} = {D771A703-8FC6-4403-904F-ABDA6578B02A}
		{0221F318-4116-4ED0-AD5E-38486A8E3D87} = {BAD0B3CD-7660-4CB0-8AD3-9D49D72C5337}
		{436905F6-5CE6-4AA8-A3CE-5E7D38E83A33} = {19C8F1A5-BD3D-4A0F-983C-B14FEA3ADD63}
	EndGlobalSection
	GlobalSection(ExtensibilityGlobals) = postSolution
		SolutionGuid = {6952993D-A228-4D09-9E35-503A5D3DC6A5}
	EndGlobalSection
EndGlobal
